// !$*UTF8*$!
{
	archiveVersion = 1;
	classes = {
	};
	objectVersion = 46;
	objects = {

/* Begin PBXBuildFile section */
		F0A6545E1874DB2900C0EFB2 /* Foundation.framework in Frameworks */ = {isa = PBXBuildFile; fileRef = F0A6545D1874DB2900C0EFB2 /* Foundation.framework */; };
		F0A654601874DB2900C0EFB2 /* CoreGraphics.framework in Frameworks */ = {isa = PBXBuildFile; fileRef = F0A6545F1874DB2900C0EFB2 /* CoreGraphics.framework */; };
		F0A654621874DB2900C0EFB2 /* UIKit.framework in Frameworks */ = {isa = PBXBuildFile; fileRef = F0A654611874DB2900C0EFB2 /* UIKit.framework */; };
		F0A654681874DB2900C0EFB2 /* InfoPlist.strings in Resources */ = {isa = PBXBuildFile; fileRef = F0A654661874DB2900C0EFB2 /* InfoPlist.strings */; };
		F0A6546A1874DB2900C0EFB2 /* main.m in Sources */ = {isa = PBXBuildFile; fileRef = F0A654691874DB2900C0EFB2 /* main.m */; };
		F0A6546E1874DB2900C0EFB2 /* AppDelegate.m in Sources */ = {isa = PBXBuildFile; fileRef = F0A6546D1874DB2900C0EFB2 /* AppDelegate.m */; };
		F0A654701874DB2900C0EFB2 /* Images.xcassets in Resources */ = {isa = PBXBuildFile; fileRef = F0A6546F1874DB2900C0EFB2 /* Images.xcassets */; };
		F0A654771874DB2900C0EFB2 /* XCTest.framework in Frameworks */ = {isa = PBXBuildFile; fileRef = F0A654761874DB2900C0EFB2 /* XCTest.framework */; };
		F0A654781874DB2900C0EFB2 /* Foundation.framework in Frameworks */ = {isa = PBXBuildFile; fileRef = F0A6545D1874DB2900C0EFB2 /* Foundation.framework */; };
		F0A654791874DB2900C0EFB2 /* UIKit.framework in Frameworks */ = {isa = PBXBuildFile; fileRef = F0A654611874DB2900C0EFB2 /* UIKit.framework */; };
		F0A654811874DB2900C0EFB2 /* InfoPlist.strings in Resources */ = {isa = PBXBuildFile; fileRef = F0A6547F1874DB2900C0EFB2 /* InfoPlist.strings */; };
		F0A654831874DB2900C0EFB2 /* QueueAlpha2Tests.m in Sources */ = {isa = PBXBuildFile; fileRef = F0A654821874DB2900C0EFB2 /* QueueAlpha2Tests.m */; };
		F0A6548E1874DD2300C0EFB2 /* StartUpViewController.m in Sources */ = {isa = PBXBuildFile; fileRef = F0A6548D1874DD2300C0EFB2 /* StartUpViewController.m */; };
		F0A654911874DDF700C0EFB2 /* UserLoginInView.m in Sources */ = {isa = PBXBuildFile; fileRef = F0A654901874DDF700C0EFB2 /* UserLoginInView.m */; };
/* End PBXBuildFile section */

/* Begin PBXContainerItemProxy section */
		F0A6547A1874DB2900C0EFB2 /* PBXContainerItemProxy */ = {
			isa = PBXContainerItemProxy;
			containerPortal = F0A654521874DB2900C0EFB2 /* Project object */;
			proxyType = 1;
			remoteGlobalIDString = F0A654591874DB2900C0EFB2;
			remoteInfo = QueueAlpha2;
		};
/* End PBXContainerItemProxy section */

/* Begin PBXFileReference section */
		F0A6545A1874DB2900C0EFB2 /* QueueAlpha2.app */ = {isa = PBXFileReference; explicitFileType = wrapper.application; includeInIndex = 0; path = QueueAlpha2.app; sourceTree = BUILT_PRODUCTS_DIR; };
		F0A6545D1874DB2900C0EFB2 /* Foundation.framework */ = {isa = PBXFileReference; lastKnownFileType = wrapper.framework; name = Foundation.framework; path = System/Library/Frameworks/Foundation.framework; sourceTree = SDKROOT; };
		F0A6545F1874DB2900C0EFB2 /* CoreGraphics.framework */ = {isa = PBXFileReference; lastKnownFileType = wrapper.framework; name = CoreGraphics.framework; path = System/Library/Frameworks/CoreGraphics.framework; sourceTree = SDKROOT; };
		F0A654611874DB2900C0EFB2 /* UIKit.framework */ = {isa = PBXFileReference; lastKnownFileType = wrapper.framework; name = UIKit.framework; path = System/Library/Frameworks/UIKit.framework; sourceTree = SDKROOT; };
		F0A654651874DB2900C0EFB2 /* QueueAlpha2-Info.plist */ = {isa = PBXFileReference; lastKnownFileType = text.plist.xml; path = "QueueAlpha2-Info.plist"; sourceTree = "<group>"; };
		F0A654671874DB2900C0EFB2 /* en */ = {isa = PBXFileReference; lastKnownFileType = text.plist.strings; name = en; path = en.lproj/InfoPlist.strings; sourceTree = "<group>"; };
		F0A654691874DB2900C0EFB2 /* main.m */ = {isa = PBXFileReference; lastKnownFileType = sourcecode.c.objc; path = main.m; sourceTree = "<group>"; };
		F0A6546B1874DB2900C0EFB2 /* QueueAlpha2-Prefix.pch */ = {isa = PBXFileReference; lastKnownFileType = sourcecode.c.h; path = "QueueAlpha2-Prefix.pch"; sourceTree = "<group>"; };
		F0A6546C1874DB2900C0EFB2 /* AppDelegate.h */ = {isa = PBXFileReference; lastKnownFileType = sourcecode.c.h; path = AppDelegate.h; sourceTree = "<group>"; };
		F0A6546D1874DB2900C0EFB2 /* AppDelegate.m */ = {isa = PBXFileReference; lastKnownFileType = sourcecode.c.objc; path = AppDelegate.m; sourceTree = "<group>"; };
		F0A6546F1874DB2900C0EFB2 /* Images.xcassets */ = {isa = PBXFileReference; lastKnownFileType = folder.assetcatalog; path = Images.xcassets; sourceTree = "<group>"; };
		F0A654751874DB2900C0EFB2 /* QueueAlpha2Tests.xctest */ = {isa = PBXFileReference; explicitFileType = wrapper.cfbundle; includeInIndex = 0; path = QueueAlpha2Tests.xctest; sourceTree = BUILT_PRODUCTS_DIR; };
		F0A654761874DB2900C0EFB2 /* XCTest.framework */ = {isa = PBXFileReference; lastKnownFileType = wrapper.framework; name = XCTest.framework; path = Library/Frameworks/XCTest.framework; sourceTree = DEVELOPER_DIR; };
		F0A6547E1874DB2900C0EFB2 /* QueueAlpha2Tests-Info.plist */ = {isa = PBXFileReference; lastKnownFileType = text.plist.xml; path = "QueueAlpha2Tests-Info.plist"; sourceTree = "<group>"; };
		F0A654801874DB2900C0EFB2 /* en */ = {isa = PBXFileReference; lastKnownFileType = text.plist.strings; name = en; path = en.lproj/InfoPlist.strings; sourceTree = "<group>"; };
		F0A654821874DB2900C0EFB2 /* QueueAlpha2Tests.m */ = {isa = PBXFileReference; lastKnownFileType = sourcecode.c.objc; path = QueueAlpha2Tests.m; sourceTree = "<group>"; };
		F0A6548C1874DD2300C0EFB2 /* StartUpViewController.h */ = {isa = PBXFileReference; fileEncoding = 4; lastKnownFileType = sourcecode.c.h; path = StartUpViewController.h; sourceTree = "<group>"; };
		F0A6548D1874DD2300C0EFB2 /* StartUpViewController.m */ = {isa = PBXFileReference; fileEncoding = 4; lastKnownFileType = sourcecode.c.objc; path = StartUpViewController.m; sourceTree = "<group>"; };
		F0A6548F1874DDF700C0EFB2 /* UserLoginInView.h */ = {isa = PBXFileReference; fileEncoding = 4; lastKnownFileType = sourcecode.c.h; path = UserLoginInView.h; sourceTree = "<group>"; };
		F0A654901874DDF700C0EFB2 /* UserLoginInView.m */ = {isa = PBXFileReference; fileEncoding = 4; lastKnownFileType = sourcecode.c.objc; path = UserLoginInView.m; sourceTree = "<group>"; };
/* End PBXFileReference section */

/* Begin PBXFrameworksBuildPhase section */
		F0A654571874DB2900C0EFB2 /* Frameworks */ = {
			isa = PBXFrameworksBuildPhase;
			buildActionMask = 2147483647;
			files = (
				F0A654601874DB2900C0EFB2 /* CoreGraphics.framework in Frameworks */,
				F0A654621874DB2900C0EFB2 /* UIKit.framework in Frameworks */,
				F0A6545E1874DB2900C0EFB2 /* Foundation.framework in Frameworks */,
			);
			runOnlyForDeploymentPostprocessing = 0;
		};
		F0A654721874DB2900C0EFB2 /* Frameworks */ = {
			isa = PBXFrameworksBuildPhase;
			buildActionMask = 2147483647;
			files = (
				F0A654771874DB2900C0EFB2 /* XCTest.framework in Frameworks */,
				F0A654791874DB2900C0EFB2 /* UIKit.framework in Frameworks */,
				F0A654781874DB2900C0EFB2 /* Foundation.framework in Frameworks */,
			);
			runOnlyForDeploymentPostprocessing = 0;
		};
/* End PBXFrameworksBuildPhase section */

/* Begin PBXGroup section */
		F0A654511874DB2900C0EFB2 = {
			isa = PBXGroup;
			children = (
				F0A654631874DB2900C0EFB2 /* QueueAlpha2 */,
				F0A6547C1874DB2900C0EFB2 /* QueueAlpha2Tests */,
				F0A6545C1874DB2900C0EFB2 /* Frameworks */,
				F0A6545B1874DB2900C0EFB2 /* Products */,
			);
			sourceTree = "<group>";
		};
		F0A6545B1874DB2900C0EFB2 /* Products */ = {
			isa = PBXGroup;
			children = (
				F0A6545A1874DB2900C0EFB2 /* QueueAlpha2.app */,
				F0A654751874DB2900C0EFB2 /* QueueAlpha2Tests.xctest */,
			);
			name = Products;
			sourceTree = "<group>";
		};
		F0A6545C1874DB2900C0EFB2 /* Frameworks */ = {
			isa = PBXGroup;
			children = (
				F0A6545D1874DB2900C0EFB2 /* Foundation.framework */,
				F0A6545F1874DB2900C0EFB2 /* CoreGraphics.framework */,
				F0A654611874DB2900C0EFB2 /* UIKit.framework */,
				F0A654761874DB2900C0EFB2 /* XCTest.framework */,
			);
			name = Frameworks;
			sourceTree = "<group>";
		};
		F0A654631874DB2900C0EFB2 /* QueueAlpha2 */ = {
			isa = PBXGroup;
			children = (
				F0A6546C1874DB2900C0EFB2 /* AppDelegate.h */,
				F0A6546D1874DB2900C0EFB2 /* AppDelegate.m */,
				F0A6548C1874DD2300C0EFB2 /* StartUpViewController.h */,
				F0A6548D1874DD2300C0EFB2 /* StartUpViewController.m */,
				F0A6548F1874DDF700C0EFB2 /* UserLoginInView.h */,
				F0A654901874DDF700C0EFB2 /* UserLoginInView.m */,
				F0A6546F1874DB2900C0EFB2 /* Images.xcassets */,
				F0A654641874DB2900C0EFB2 /* Supporting Files */,
			);
			path = QueueAlpha2;
			sourceTree = "<group>";
		};
		F0A654641874DB2900C0EFB2 /* Supporting Files */ = {
			isa = PBXGroup;
			children = (
				F0A654651874DB2900C0EFB2 /* QueueAlpha2-Info.plist */,
				F0A654661874DB2900C0EFB2 /* InfoPlist.strings */,
				F0A654691874DB2900C0EFB2 /* main.m */,
				F0A6546B1874DB2900C0EFB2 /* QueueAlpha2-Prefix.pch */,
			);
			name = "Supporting Files";
			sourceTree = "<group>";
		};
		F0A6547C1874DB2900C0EFB2 /* QueueAlpha2Tests */ = {
			isa = PBXGroup;
			children = (
				F0A654821874DB2900C0EFB2 /* QueueAlpha2Tests.m */,
				F0A6547D1874DB2900C0EFB2 /* Supporting Files */,
			);
			path = QueueAlpha2Tests;
			sourceTree = "<group>";
		};
		F0A6547D1874DB2900C0EFB2 /* Supporting Files */ = {
			isa = PBXGroup;
			children = (
				F0A6547E1874DB2900C0EFB2 /* QueueAlpha2Tests-Info.plist */,
				F0A6547F1874DB2900C0EFB2 /* InfoPlist.strings */,
			);
			name = "Supporting Files";
			sourceTree = "<group>";
		};
/* End PBXGroup section */

/* Begin PBXNativeTarget section */
		F0A654591874DB2900C0EFB2 /* QueueAlpha2 */ = {
			isa = PBXNativeTarget;
			buildConfigurationList = F0A654861874DB2900C0EFB2 /* Build configuration list for PBXNativeTarget "QueueAlpha2" */;
			buildPhases = (
				F0A654561874DB2900C0EFB2 /* Sources */,
				F0A654571874DB2900C0EFB2 /* Frameworks */,
				F0A654581874DB2900C0EFB2 /* Resources */,
			);
			buildRules = (
			);
			dependencies = (
			);
			name = QueueAlpha2;
			productName = QueueAlpha2;
			productReference = F0A6545A1874DB2900C0EFB2 /* QueueAlpha2.app */;
			productType = "com.apple.product-type.application";
		};
		F0A654741874DB2900C0EFB2 /* QueueAlpha2Tests */ = {
			isa = PBXNativeTarget;
			buildConfigurationList = F0A654891874DB2900C0EFB2 /* Build configuration list for PBXNativeTarget "QueueAlpha2Tests" */;
			buildPhases = (
				F0A654711874DB2900C0EFB2 /* Sources */,
				F0A654721874DB2900C0EFB2 /* Frameworks */,
				F0A654731874DB2900C0EFB2 /* Resources */,
			);
			buildRules = (
			);
			dependencies = (
				F0A6547B1874DB2900C0EFB2 /* PBXTargetDependency */,
			);
			name = QueueAlpha2Tests;
			productName = QueueAlpha2Tests;
			productReference = F0A654751874DB2900C0EFB2 /* QueueAlpha2Tests.xctest */;
			productType = "com.apple.product-type.bundle.unit-test";
		};
/* End PBXNativeTarget section */

/* Begin PBXProject section */
		F0A654521874DB2900C0EFB2 /* Project object */ = {
			isa = PBXProject;
			attributes = {
				LastUpgradeCheck = 0500;
				ORGANIZATIONNAME = Queue;
				TargetAttributes = {
					F0A654741874DB2900C0EFB2 = {
						TestTargetID = F0A654591874DB2900C0EFB2;
					};
				};
			};
			buildConfigurationList = F0A654551874DB2900C0EFB2 /* Build configuration list for PBXProject "QueueAlpha2" */;
			compatibilityVersion = "Xcode 3.2";
			developmentRegion = English;
			hasScannedForEncodings = 0;
			knownRegions = (
				en,
			);
			mainGroup = F0A654511874DB2900C0EFB2;
			productRefGroup = F0A6545B1874DB2900C0EFB2 /* Products */;
			projectDirPath = "";
			projectRoot = "";
			targets = (
				F0A654591874DB2900C0EFB2 /* QueueAlpha2 */,
				F0A654741874DB2900C0EFB2 /* QueueAlpha2Tests */,
			);
		};
/* End PBXProject section */

/* Begin PBXResourcesBuildPhase section */
		F0A654581874DB2900C0EFB2 /* Resources */ = {
			isa = PBXResourcesBuildPhase;
			buildActionMask = 2147483647;
			files = (
				F0A654681874DB2900C0EFB2 /* InfoPlist.strings in Resources */,
				F0A654701874DB2900C0EFB2 /* Images.xcassets in Resources */,
			);
			runOnlyForDeploymentPostprocessing = 0;
		};
		F0A654731874DB2900C0EFB2 /* Resources */ = {
			isa = PBXResourcesBuildPhase;
			buildActionMask = 2147483647;
			files = (
				F0A654811874DB2900C0EFB2 /* InfoPlist.strings in Resources */,
			);
			runOnlyForDeploymentPostprocessing = 0;
		};
/* End PBXResourcesBuildPhase section */

/* Begin PBXSourcesBuildPhase section */
		F0A654561874DB2900C0EFB2 /* Sources */ = {
			isa = PBXSourcesBuildPhase;
			buildActionMask = 2147483647;
			files = (
				F0A6546E1874DB2900C0EFB2 /* AppDelegate.m in Sources */,
				F0A6546A1874DB2900C0EFB2 /* main.m in Sources */,
				F0A654911874DDF700C0EFB2 /* UserLoginInView.m in Sources */,
				F0A6548E1874DD2300C0EFB2 /* StartUpViewController.m in Sources */,
			);
			runOnlyForDeploymentPostprocessing = 0;
		};
		F0A654711874DB2900C0EFB2 /* Sources */ = {
			isa = PBXSourcesBuildPhase;
			buildActionMask = 2147483647;
			files = (
				F0A654831874DB2900C0EFB2 /* QueueAlpha2Tests.m in Sources */,
			);
			runOnlyForDeploymentPostprocessing = 0;
		};
/* End PBXSourcesBuildPhase section */

/* Begin PBXTargetDependency section */
		F0A6547B1874DB2900C0EFB2 /* PBXTargetDependency */ = {
			isa = PBXTargetDependency;
			target = F0A654591874DB2900C0EFB2 /* QueueAlpha2 */;
			targetProxy = F0A6547A1874DB2900C0EFB2 /* PBXContainerItemProxy */;
		};
/* End PBXTargetDependency section */

/* Begin PBXVariantGroup section */
		F0A654661874DB2900C0EFB2 /* InfoPlist.strings */ = {
			isa = PBXVariantGroup;
			children = (
				F0A654671874DB2900C0EFB2 /* en */,
			);
			name = InfoPlist.strings;
			sourceTree = "<group>";
		};
		F0A6547F1874DB2900C0EFB2 /* InfoPlist.strings */ = {
			isa = PBXVariantGroup;
			children = (
				F0A654801874DB2900C0EFB2 /* en */,
			);
			name = InfoPlist.strings;
			sourceTree = "<group>";
		};
/* End PBXVariantGroup section */

/* Begin XCBuildConfiguration section */
		F0A654841874DB2900C0EFB2 /* Debug */ = {
			isa = XCBuildConfiguration;
			buildSettings = {
				ALWAYS_SEARCH_USER_PATHS = NO;
				ARCHS = "$(ARCHS_STANDARD_INCLUDING_64_BIT)";
				CLANG_CXX_LANGUAGE_STANDARD = "gnu++0x";
				CLANG_CXX_LIBRARY = "libc++";
				CLANG_ENABLE_MODULES = YES;
				CLANG_ENABLE_OBJC_ARC = YES;
				CLANG_WARN_BOOL_CONVERSION = YES;
				CLANG_WARN_CONSTANT_CONVERSION = YES;
				CLANG_WARN_DIRECT_OBJC_ISA_USAGE = YES_ERROR;
				CLANG_WARN_EMPTY_BODY = YES;
				CLANG_WARN_ENUM_CONVERSION = YES;
				CLANG_WARN_INT_CONVERSION = YES;
				CLANG_WARN_OBJC_ROOT_CLASS = YES_ERROR;
				CLANG_WARN__DUPLICATE_METHOD_MATCH = YES;
				"CODE_SIGN_IDENTITY[sdk=iphoneos*]" = "iPhone Developer";
				COPY_PHASE_STRIP = NO;
				GCC_C_LANGUAGE_STANDARD = gnu99;
				GCC_DYNAMIC_NO_PIC = NO;
				GCC_OPTIMIZATION_LEVEL = 0;
				GCC_PREPROCESSOR_DEFINITIONS = (
					"DEBUG=1",
					"$(inherited)",
				);
				GCC_SYMBOLS_PRIVATE_EXTERN = NO;
				GCC_WARN_64_TO_32_BIT_CONVERSION = YES;
				GCC_WARN_ABOUT_RETURN_TYPE = YES_ERROR;
				GCC_WARN_UNDECLARED_SELECTOR = YES;
				GCC_WARN_UNINITIALIZED_AUTOS = YES;
				GCC_WARN_UNUSED_FUNCTION = YES;
				GCC_WARN_UNUSED_VARIABLE = YES;
				IPHONEOS_DEPLOYMENT_TARGET = 7.0;
				ONLY_ACTIVE_ARCH = YES;
				SDKROOT = iphoneos;
			};
			name = Debug;
		};
		F0A654851874DB2900C0EFB2 /* Release */ = {
			isa = XCBuildConfiguration;
			buildSettings = {
				ALWAYS_SEARCH_USER_PATHS = NO;
				ARCHS = "$(ARCHS_STANDARD_INCLUDING_64_BIT)";
				CLANG_CXX_LANGUAGE_STANDARD = "gnu++0x";
				CLANG_CXX_LIBRARY = "libc++";
				CLANG_ENABLE_MODULES = YES;
				CLANG_ENABLE_OBJC_ARC = YES;
				CLANG_WARN_BOOL_CONVERSION = YES;
				CLANG_WARN_CONSTANT_CONVERSION = YES;
				CLANG_WARN_DIRECT_OBJC_ISA_USAGE = YES_ERROR;
				CLANG_WARN_EMPTY_BODY = YES;
				CLANG_WARN_ENUM_CONVERSION = YES;
				CLANG_WARN_INT_CONVERSION = YES;
				CLANG_WARN_OBJC_ROOT_CLASS = YES_ERROR;
				CLANG_WARN__DUPLICATE_METHOD_MATCH = YES;
				"CODE_SIGN_IDENTITY[sdk=iphoneos*]" = "iPhone Developer";
				COPY_PHASE_STRIP = YES;
				ENABLE_NS_ASSERTIONS = NO;
				GCC_C_LANGUAGE_STANDARD = gnu99;
				GCC_WARN_64_TO_32_BIT_CONVERSION = YES;
				GCC_WARN_ABOUT_RETURN_TYPE = YES_ERROR;
				GCC_WARN_UNDECLARED_SELECTOR = YES;
				GCC_WARN_UNINITIALIZED_AUTOS = YES;
				GCC_WARN_UNUSED_FUNCTION = YES;
				GCC_WARN_UNUSED_VARIABLE = YES;
				IPHONEOS_DEPLOYMENT_TARGET = 7.0;
				SDKROOT = iphoneos;
				VALIDATE_PRODUCT = YES;
			};
			name = Release;
		};
		F0A654871874DB2900C0EFB2 /* Debug */ = {
			isa = XCBuildConfiguration;
			buildSettings = {
				ASSETCATALOG_COMPILER_APPICON_NAME = AppIcon;
				ASSETCATALOG_COMPILER_LAUNCHIMAGE_NAME = LaunchImage;
				GCC_PRECOMPILE_PREFIX_HEADER = YES;
				GCC_PREFIX_HEADER = "QueueAlpha2/QueueAlpha2-Prefix.pch";
				INFOPLIST_FILE = "QueueAlpha2/QueueAlpha2-Info.plist";
				PRODUCT_NAME = "$(TARGET_NAME)";
				WRAPPER_EXTENSION = app;
			};
			name = Debug;
		};
		F0A654881874DB2900C0EFB2 /* Release */ = {
			isa = XCBuildConfiguration;
			buildSettings = {
				ASSETCATALOG_COMPILER_APPICON_NAME = AppIcon;
				ASSETCATALOG_COMPILER_LAUNCHIMAGE_NAME = LaunchImage;
				GCC_PRECOMPILE_PREFIX_HEADER = YES;
				GCC_PREFIX_HEADER = "QueueAlpha2/QueueAlpha2-Prefix.pch";
				INFOPLIST_FILE = "QueueAlpha2/QueueAlpha2-Info.plist";
				PRODUCT_NAME = "$(TARGET_NAME)";
				WRAPPER_EXTENSION = app;
			};
			name = Release;
		};
		F0A6548A1874DB2900C0EFB2 /* Debug */ = {
			isa = XCBuildConfiguration;
			buildSettings = {
				ARCHS = "$(ARCHS_STANDARD_INCLUDING_64_BIT)";
				BUNDLE_LOADER = "$(BUILT_PRODUCTS_DIR)/QueueAlpha2.app/QueueAlpha2";
				FRAMEWORK_SEARCH_PATHS = (
					"$(SDKROOT)/Developer/Library/Frameworks",
					"$(inherited)",
					"$(DEVELOPER_FRAMEWORKS_DIR)",
				);
				GCC_PRECOMPILE_PREFIX_HEADER = YES;
				GCC_PREFIX_HEADER = "QueueAlpha2/QueueAlpha2-Prefix.pch";
				GCC_PREPROCESSOR_DEFINITIONS = (
					"DEBUG=1",
					"$(inherited)",
				);
				INFOPLIST_FILE = "QueueAlpha2Tests/QueueAlpha2Tests-Info.plist";
				PRODUCT_NAME = "$(TARGET_NAME)";
				TEST_HOST = "$(BUNDLE_LOADER)";
				WRAPPER_EXTENSION = xctest;
			};
			name = Debug;
		};
		F0A6548B1874DB2900C0EFB2 /* Release */ = {
			isa = XCBuildConfiguration;
			buildSettings = {
				ARCHS = "$(ARCHS_STANDARD_INCLUDING_64_BIT)";
				BUNDLE_LOADER = "$(BUILT_PRODUCTS_DIR)/QueueAlpha2.app/QueueAlpha2";
				FRAMEWORK_SEARCH_PATHS = (
					"$(SDKROOT)/Developer/Library/Frameworks",
					"$(inherited)",
					"$(DEVELOPER_FRAMEWORKS_DIR)",
				);
				GCC_PRECOMPILE_PREFIX_HEADER = YES;
				GCC_PREFIX_HEADER = "QueueAlpha2/QueueAlpha2-Prefix.pch";
				INFOPLIST_FILE = "QueueAlpha2Tests/QueueAlpha2Tests-Info.plist";
				PRODUCT_NAME = "$(TARGET_NAME)";
				TEST_HOST = "$(BUNDLE_LOADER)";
				WRAPPER_EXTENSION = xctest;
			};
			name = Release;
		};
/* End XCBuildConfiguration section */

/* Begin XCConfigurationList section */
		F0A654551874DB2900C0EFB2 /* Build configuration list for PBXProject "QueueAlpha2" */ = {
			isa = XCConfigurationList;
			buildConfigurations = (
				F0A654841874DB2900C0EFB2 /* Debug */,
				F0A654851874DB2900C0EFB2 /* Release */,
			);
			defaultConfigurationIsVisible = 0;
			defaultConfigurationName = Release;
		};
		F0A654861874DB2900C0EFB2 /* Build configuration list for PBXNativeTarget "QueueAlpha2" */ = {
			isa = XCConfigurationList;
			buildConfigurations = (
				F0A654871874DB2900C0EFB2 /* Debug */,
				F0A654881874DB2900C0EFB2 /* Release */,
			);
			defaultConfigurationIsVisible = 0;
		};
		F0A654891874DB2900C0EFB2 /* Build configuration list for PBXNativeTarget "QueueAlpha2Tests" */ = {
			isa = XCConfigurationList;
			buildConfigurations = (
				F0A6548A1874DB2900C0EFB2 /* Debug */,
				F0A6548B1874DB2900C0EFB2 /* Release */,
			);
			defaultConfigurationIsVisible = 0;
		};
/* End XCConfigurationList section */
	};
	rootObject = F0A654521874DB2900C0EFB2 /* Project object */;
}
